
Microsoft Visual Studio Solution File, Format Version 10.00
# Visual Studio 2008
Project("{2150E333-8FDC-42A3-9474-1A3956D46DE8}") = "Solution Items", "Solution Items", "{E23015F0-C675-4515-8931-4BE4AE7ED06D}"
EndProject
Project("{FAE04EC0-301F-11D3-BF4B-00C04F79EFBC}") = "Q", "Q\Q.csproj", "{77D22C12-4AD9-4FED-98F3-623062247C4F}"
EndProject
Project("{FAE04EC0-301F-11D3-BF4B-00C04F79EFBC}") = "QExcel", "QExcel\QExcel.csproj", "{1785C4E0-89D8-4F53-B0C5-03C916567C24}"
	ProjectSection(ProjectDependencies) = postProject
		{77D22C12-4AD9-4FED-98F3-623062247C4F} = {77D22C12-4AD9-4FED-98F3-623062247C4F}
	EndProjectSection
EndProject
Project("{54435603-DBB4-11D2-8724-00A0C9A8B90C}") = "QExcelSetup", "QExcelSetup\QExcelSetup.vdproj", "{339EA948-7F3E-409D-A2AB-5C4A8AE9028B}"
	ProjectSection(ProjectDependencies) = postProject
		{77D22C12-4AD9-4FED-98F3-623062247C4F} = {77D22C12-4AD9-4FED-98F3-623062247C4F}
	EndProjectSection
EndProject
Project("{8BC9CEB8-8B4A-11D0-8D11-00A0C91BC942}") = "QExcelTS", "QExcelTS\QExcelTS.vcproj", "{8B406236-1E67-4038-BBCA-9C7D66DAFF53}"
	ProjectSection(ProjectDependencies) = postProject
		{77D22C12-4AD9-4FED-98F3-623062247C4F} = {77D22C12-4AD9-4FED-98F3-623062247C4F}
		{1785C4E0-89D8-4F53-B0C5-03C916567C24} = {1785C4E0-89D8-4F53-B0C5-03C916567C24}
	EndProjectSection
EndProject
Project("{FAE04EC0-301F-11D3-BF4B-00C04F79EFBC}") = "QRun", "QRun\QRun.csproj", "{602727C8-4E6D-4795-ABD6-B85CCD5CC31F}"
EndProject
Project("{FAE04EC0-301F-11D3-BF4B-00C04F79EFBC}") = "Gui", "Gui\Gui.csproj", "{6A57EDF7-2A33-4023-9FB6-D539780988FF}"
EndProject
Project("{FAE04EC0-301F-11D3-BF4B-00C04F79EFBC}") = "QRunGui", "QRunGui\QRunGui.csproj", "{BD90E610-88B9-4017-AD07-5563A049D4FE}"
EndProject
Project("{FAE04EC0-301F-11D3-BF4B-00C04F79EFBC}") = "ZedGraph", "ZedGraph\ZedGraph.csproj", "{2541686B-1673-43BF-AF89-3163945DB009}"
EndProject
Global
	GlobalSection(SolutionConfigurationPlatforms) = preSolution
		Debug|Any CPU = Debug|Any CPU
		Debug|Mixed Platforms = Debug|Mixed Platforms
		Debug|Win32 = Debug|Win32
		Release with Code Analysis|Any CPU = Release with Code Analysis|Any CPU
		Release with Code Analysis|Mixed Platforms = Release with Code Analysis|Mixed Platforms
		Release with Code Analysis|Win32 = Release with Code Analysis|Win32
		Release|Any CPU = Release|Any CPU
		Release|Mixed Platforms = Release|Mixed Platforms
		Release|Win32 = Release|Win32
	EndGlobalSection
	GlobalSection(ProjectConfigurationPlatforms) = postSolution
		{77D22C12-4AD9-4FED-98F3-623062247C4F}.Debug|Any CPU.ActiveCfg = Debug|Any CPU
		{77D22C12-4AD9-4FED-98F3-623062247C4F}.Debug|Any CPU.Build.0 = Debug|Any CPU
		{77D22C12-4AD9-4FED-98F3-623062247C4F}.Debug|Mixed Platforms.ActiveCfg = Debug|Any CPU
		{77D22C12-4AD9-4FED-98F3-623062247C4F}.Debug|Mixed Platforms.Build.0 = Debug|Any CPU
		{77D22C12-4AD9-4FED-98F3-623062247C4F}.Debug|Win32.ActiveCfg = Debug|Any CPU
		{77D22C12-4AD9-4FED-98F3-623062247C4F}.Release with Code Analysis|Any CPU.ActiveCfg = Release|Any CPU
		{77D22C12-4AD9-4FED-98F3-623062247C4F}.Release with Code Analysis|Any CPU.Build.0 = Release|Any CPU
		{77D22C12-4AD9-4FED-98F3-623062247C4F}.Release with Code Analysis|Mixed Platforms.ActiveCfg = Release|Any CPU
		{77D22C12-4AD9-4FED-98F3-623062247C4F}.Release with Code Analysis|Mixed Platforms.Build.0 = Release|Any CPU
		{77D22C12-4AD9-4FED-98F3-623062247C4F}.Release with Code Analysis|Win32.ActiveCfg = Release|Any CPU
		{77D22C12-4AD9-4FED-98F3-623062247C4F}.Release|Any CPU.ActiveCfg = Release|Any CPU
		{77D22C12-4AD9-4FED-98F3-623062247C4F}.Release|Any CPU.Build.0 = Release|Any CPU
		{77D22C12-4AD9-4FED-98F3-623062247C4F}.Release|Mixed Platforms.ActiveCfg = Release|Any CPU
		{77D22C12-4AD9-4FED-98F3-623062247C4F}.Release|Mixed Platforms.Build.0 = Release|Any CPU
		{77D22C12-4AD9-4FED-98F3-623062247C4F}.Release|Win32.ActiveCfg = Release|Any CPU
		{1785C4E0-89D8-4F53-B0C5-03C916567C24}.Debug|Any CPU.ActiveCfg = Debug|Any CPU
		{1785C4E0-89D8-4F53-B0C5-03C916567C24}.Debug|Any CPU.Build.0 = Debug|Any CPU
		{1785C4E0-89D8-4F53-B0C5-03C916567C24}.Debug|Mixed Platforms.ActiveCfg = Debug|Any CPU
		{1785C4E0-89D8-4F53-B0C5-03C916567C24}.Debug|Mixed Platforms.Build.0 = Debug|Any CPU
		{1785C4E0-89D8-4F53-B0C5-03C916567C24}.Debug|Win32.ActiveCfg = Debug|Any CPU
		{1785C4E0-89D8-4F53-B0C5-03C916567C24}.Release with Code Analysis|Any CPU.ActiveCfg = Release|Any CPU
		{1785C4E0-89D8-4F53-B0C5-03C916567C24}.Release with Code Analysis|Any CPU.Build.0 = Release|Any CPU
		{1785C4E0-89D8-4F53-B0C5-03C916567C24}.Release with Code Analysis|Mixed Platforms.ActiveCfg = Release|Any CPU
		{1785C4E0-89D8-4F53-B0C5-03C916567C24}.Release with Code Analysis|Mixed Platforms.Build.0 = Release|Any CPU
		{1785C4E0-89D8-4F53-B0C5-03C916567C24}.Release with Code Analysis|Win32.ActiveCfg = Release|Any CPU
		{1785C4E0-89D8-4F53-B0C5-03C916567C24}.Release|Any CPU.ActiveCfg = Release|Any CPU
		{1785C4E0-89D8-4F53-B0C5-03C916567C24}.Release|Any CPU.Build.0 = Release|Any CPU
		{1785C4E0-89D8-4F53-B0C5-03C916567C24}.Release|Mixed Platforms.ActiveCfg = Release|Any CPU
		{1785C4E0-89D8-4F53-B0C5-03C916567C24}.Release|Mixed Platforms.Build.0 = Release|Any CPU
		{1785C4E0-89D8-4F53-B0C5-03C916567C24}.Release|Win32.ActiveCfg = Release|Any CPU
		{339EA948-7F3E-409D-A2AB-5C4A8AE9028B}.Debug|Any CPU.ActiveCfg = Debug
		{339EA948-7F3E-409D-A2AB-5C4A8AE9028B}.Debug|Mixed Platforms.ActiveCfg = Debug
		{339EA948-7F3E-409D-A2AB-5C4A8AE9028B}.Debug|Mixed Platforms.Build.0 = Debug
		{339EA948-7F3E-409D-A2AB-5C4A8AE9028B}.Debug|Win32.ActiveCfg = Debug
		{339EA948-7F3E-409D-A2AB-5C4A8AE9028B}.Debug|Win32.Build.0 = Debug
		{339EA948-7F3E-409D-A2AB-5C4A8AE9028B}.Release with Code Analysis|Any CPU.ActiveCfg = Release
		{339EA948-7F3E-409D-A2AB-5C4A8AE9028B}.Release with Code Analysis|Any CPU.Build.0 = Release
		{339EA948-7F3E-409D-A2AB-5C4A8AE9028B}.Release with Code Analysis|Mixed Platforms.ActiveCfg = Release
		{339EA948-7F3E-409D-A2AB-5C4A8AE9028B}.Release with Code Analysis|Mixed Platforms.Build.0 = Release
		{339EA948-7F3E-409D-A2AB-5C4A8AE9028B}.Release with Code Analysis|Win32.ActiveCfg = Release
		{339EA948-7F3E-409D-A2AB-5C4A8AE9028B}.Release with Code Analysis|Win32.Build.0 = Release
		{339EA948-7F3E-409D-A2AB-5C4A8AE9028B}.Release|Any CPU.ActiveCfg = Release
		{339EA948-7F3E-409D-A2AB-5C4A8AE9028B}.Release|Mixed Platforms.ActiveCfg = Release
		{339EA948-7F3E-409D-A2AB-5C4A8AE9028B}.Release|Mixed Platforms.Build.0 = Release
		{339EA948-7F3E-409D-A2AB-5C4A8AE9028B}.Release|Win32.ActiveCfg = Release
		{339EA948-7F3E-409D-A2AB-5C4A8AE9028B}.Release|Win32.Build.0 = Release
		{8B406236-1E67-4038-BBCA-9C7D66DAFF53}.Debug|Any CPU.ActiveCfg = Debug|Win32
		{8B406236-1E67-4038-BBCA-9C7D66DAFF53}.Debug|Mixed Platforms.ActiveCfg = Debug|Win32
		{8B406236-1E67-4038-BBCA-9C7D66DAFF53}.Debug|Mixed Platforms.Build.0 = Debug|Win32
		{8B406236-1E67-4038-BBCA-9C7D66DAFF53}.Debug|Win32.ActiveCfg = Debug|Win32
		{8B406236-1E67-4038-BBCA-9C7D66DAFF53}.Debug|Win32.Build.0 = Debug|Win32
		{8B406236-1E67-4038-BBCA-9C7D66DAFF53}.Release with Code Analysis|Any CPU.ActiveCfg = Release|Win32
		{8B406236-1E67-4038-BBCA-9C7D66DAFF53}.Release with Code Analysis|Mixed Platforms.ActiveCfg = Release|Win32
		{8B406236-1E67-4038-BBCA-9C7D66DAFF53}.Release with Code Analysis|Mixed Platforms.Build.0 = Release|Win32
		{8B406236-1E67-4038-BBCA-9C7D66DAFF53}.Release with Code Analysis|Win32.ActiveCfg = Release|Win32
		{8B406236-1E67-4038-BBCA-9C7D66DAFF53}.Release with Code Analysis|Win32.Build.0 = Release|Win32
		{8B406236-1E67-4038-BBCA-9C7D66DAFF53}.Release|Any CPU.ActiveCfg = Release|Win32
		{8B406236-1E67-4038-BBCA-9C7D66DAFF53}.Release|Mixed Platforms.ActiveCfg = Release|Win32
		{8B406236-1E67-4038-BBCA-9C7D66DAFF53}.Release|Mixed Platforms.Build.0 = Release|Win32
		{8B406236-1E67-4038-BBCA-9C7D66DAFF53}.Release|Win32.ActiveCfg = Release|Win32
		{8B406236-1E67-4038-BBCA-9C7D66DAFF53}.Release|Win32.Build.0 = Release|Win32
		{602727C8-4E6D-4795-ABD6-B85CCD5CC31F}.Debug|Any CPU.ActiveCfg = Debug|Any CPU
		{602727C8-4E6D-4795-ABD6-B85CCD5CC31F}.Debug|Any CPU.Build.0 = Debug|Any CPU
		{602727C8-4E6D-4795-ABD6-B85CCD5CC31F}.Debug|Mixed Platforms.ActiveCfg = Debug|Any CPU
		{602727C8-4E6D-4795-ABD6-B85CCD5CC31F}.Debug|Mixed Platforms.Build.0 = Debug|Any CPU
		{602727C8-4E6D-4795-ABD6-B85CCD5CC31F}.Debug|Win32.ActiveCfg = Debug|Any CPU
		{602727C8-4E6D-4795-ABD6-B85CCD5CC31F}.Release with Code Analysis|Any CPU.ActiveCfg = Release|Any CPU
		{602727C8-4E6D-4795-ABD6-B85CCD5CC31F}.Release with Code Analysis|Any CPU.Build.0 = Release|Any CPU
		{602727C8-4E6D-4795-ABD6-B85CCD5CC31F}.Release with Code Analysis|Mixed Platforms.ActiveCfg = Release|Any CPU
		{602727C8-4E6D-4795-ABD6-B85CCD5CC31F}.Release with Code Analysis|Mixed Platforms.Build.0 = Release|Any CPU
		{602727C8-4E6D-4795-ABD6-B85CCD5CC31F}.Release with Code Analysis|Win32.ActiveCfg = Release|Any CPU
		{602727C8-4E6D-4795-ABD6-B85CCD5CC31F}.Release|Any CPU.ActiveCfg = Release|Any CPU
		{602727C8-4E6D-4795-ABD6-B85CCD5CC31F}.Release|Any CPU.Build.0 = Release|Any CPU
		{602727C8-4E6D-4795-ABD6-B85CCD5CC31F}.Release|Mixed Platforms.ActiveCfg = Release|Any CPU
		{602727C8-4E6D-4795-ABD6-B85CCD5CC31F}.Release|Mixed Platforms.Build.0 = Release|Any CPU
		{602727C8-4E6D-4795-ABD6-B85CCD5CC31F}.Release|Win32.ActiveCfg = Release|Any CPU
		{6A57EDF7-2A33-4023-9FB6-D539780988FF}.Debug|Any CPU.ActiveCfg = Debug|Any CPU
		{6A57EDF7-2A33-4023-9FB6-D539780988FF}.Debug|Any CPU.Build.0 = Debug|Any CPU
		{6A57EDF7-2A33-4023-9FB6-D539780988FF}.Debug|Mixed Platforms.ActiveCfg = Debug|Any CPU
		{6A57EDF7-2A33-4023-9FB6-D539780988FF}.Debug|Mixed Platforms.Build.0 = Debug|Any CPU
		{6A57EDF7-2A33-4023-9FB6-D539780988FF}.Debug|Win32.ActiveCfg = Debug|Any CPU
		{6A57EDF7-2A33-4023-9FB6-D539780988FF}.Release with Code Analysis|Any CPU.ActiveCfg = Release|Any CPU
		{6A57EDF7-2A33-4023-9FB6-D539780988FF}.Release with Code Analysis|Any CPU.Build.0 = Release|Any CPU
		{6A57EDF7-2A33-4023-9FB6-D539780988FF}.Release with Code Analysis|Mixed Platforms.ActiveCfg = Release|Any CPU
		{6A57EDF7-2A33-4023-9FB6-D539780988FF}.Release with Code Analysis|Mixed Platforms.Build.0 = Release|Any CPU
		{6A57EDF7-2A33-4023-9FB6-D539780988FF}.Release with Code Analysis|Win32.ActiveCfg = Release|Any CPU
		{6A57EDF7-2A33-4023-9FB6-D539780988FF}.Release|Any CPU.ActiveCfg = Release|Any CPU
		{6A57EDF7-2A33-4023-9FB6-D539780988FF}.Release|Any CPU.Build.0 = Release|Any CPU
		{6A57EDF7-2A33-4023-9FB6-D539780988FF}.Release|Mixed Platforms.ActiveCfg = Release|Any CPU
		{6A57EDF7-2A33-4023-9FB6-D539780988FF}.Release|Mixed Platforms.Build.0 = Release|Any CPU
		{6A57EDF7-2A33-4023-9FB6-D539780988FF}.Release|Win32.ActiveCfg = Release|Any CPU
		{BD90E610-88B9-4017-AD07-5563A049D4FE}.Debug|Any CPU.ActiveCfg = Debug|Any CPU
		{BD90E610-88B9-4017-AD07-5563A049D4FE}.Debug|Any CPU.Build.0 = Debug|Any CPU
		{BD90E610-88B9-4017-AD07-5563A049D4FE}.Debug|Mixed Platforms.ActiveCfg = Debug|Any CPU
		{BD90E610-88B9-4017-AD07-5563A049D4FE}.Debug|Mixed Platforms.Build.0 = Debug|Any CPU
		{BD90E610-88B9-4017-AD07-5563A049D4FE}.Debug|Win32.ActiveCfg = Debug|Any CPU
		{BD90E610-88B9-4017-AD07-5563A049D4FE}.Release with Code Analysis|Any CPU.ActiveCfg = Release|Any CPU
		{BD90E610-88B9-4017-AD07-5563A049D4FE}.Release with Code Analysis|Any CPU.Build.0 = Release|Any CPU
		{BD90E610-88B9-4017-AD07-5563A049D4FE}.Release with Code Analysis|Mixed Platforms.ActiveCfg = Release|Any CPU
		{BD90E610-88B9-4017-AD07-5563A049D4FE}.Release with Code Analysis|Mixed Platforms.Build.0 = Release|Any CPU
		{BD90E610-88B9-4017-AD07-5563A049D4FE}.Release with Code Analysis|Win32.ActiveCfg = Release|Any CPU
		{BD90E610-88B9-4017-AD07-5563A049D4FE}.Release|Any CPU.ActiveCfg = Release|Any CPU
		{BD90E610-88B9-4017-AD07-5563A049D4FE}.Release|Any CPU.Build.0 = Release|Any CPU
		{BD90E610-88B9-4017-AD07-5563A049D4FE}.Release|Mixed Platforms.ActiveCfg = Release|Any CPU
		{BD90E610-88B9-4017-AD07-5563A049D4FE}.Release|Mixed Platforms.Build.0 = Release|Any CPU
		{BD90E610-88B9-4017-AD07-5563A049D4FE}.Release|Win32.ActiveCfg = Release|Any CPU
		{2541686B-1673-43BF-AF89-3163945DB009}.Debug|Any CPU.ActiveCfg = Debug|Any CPU
		{2541686B-1673-43BF-AF89-3163945DB009}.Debug|Any CPU.Build.0 = Debug|Any CPU
		{2541686B-1673-43BF-AF89-3163945DB009}.Debug|Mixed Platforms.ActiveCfg = Debug|Any CPU
		{2541686B-1673-43BF-AF89-3163945DB009}.Debug|Mixed Platforms.Build.0 = Debug|Any CPU
		{2541686B-1673-43BF-AF89-3163945DB009}.Debug|Win32.ActiveCfg = Debug|Any CPU
		{2541686B-1673-43BF-AF89-3163945DB009}.Release with Code Analysis|Any CPU.ActiveCfg = Release|Any CPU
		{2541686B-1673-43BF-AF89-3163945DB009}.Release with Code Analysis|Any CPU.Build.0 = Release|Any CPU
		{2541686B-1673-43BF-AF89-3163945DB009}.Release with Code Analysis|Mixed Platforms.ActiveCfg = Release|Any CPU
		{2541686B-1673-43BF-AF89-3163945DB009}.Release with Code Analysis|Mixed Platforms.Build.0 = Release|Any CPU
		{2541686B-1673-43BF-AF89-3163945DB009}.Release with Code Analysis|Win32.ActiveCfg = Release|Any CPU
		{2541686B-1673-43BF-AF89-3163945DB009}.Release|Any CPU.ActiveCfg = Release|Any CPU
		{2541686B-1673-43BF-AF89-3163945DB009}.Release|Any CPU.Build.0 = Release|Any CPU
		{2541686B-1673-43BF-AF89-3163945DB009}.Release|Mixed Platforms.ActiveCfg = Release|Any CPU
		{2541686B-1673-43BF-AF89-3163945DB009}.Release|Mixed Platforms.Build.0 = Release|Any CPU
		{2541686B-1673-43BF-AF89-3163945DB009}.Release|Win32.ActiveCfg = Release|Any CPU
	EndGlobalSection
	GlobalSection(SolutionProperties) = preSolution
		HideSolutionNode = FALSE
	EndGlobalSection
EndGlobal
