
Microsoft Visual Studio Solution File, Format Version 10.00
# Visual Studio 2008
Project("{8BC9CEB8-8B4A-11D0-8D11-00A0C91BC942}") = "TS-ActiveMQ", "TS-ActiveMQ.vcproj", "{DDF274AC-46AB-4A49-BA24-F30F7D69BA68}"
EndProject
Global
	GlobalSection(SolutionConfigurationPlatforms) = preSolution
		Debug|Win32 = Debug|Win32
		Release|Win32 = Release|Win32
	EndGlobalSection
	GlobalSection(ProjectConfigurationPlatforms) = postSolution
		{DDF274AC-46AB-4A49-BA24-F30F7D69BA68}.Debug|Win32.ActiveCfg = Debug|Win32
		{DDF274AC-46AB-4A49-BA24-F30F7D69BA68}.Debug|Win32.Build.0 = Debug|Win32
		{DDF274AC-46AB-4A49-BA24-F30F7D69BA68}.Release|Win32.ActiveCfg = Release|Win32
		{DDF274AC-46AB-4A49-BA24-F30F7D69BA68}.Release|Win32.Build.0 = Release|Win32
	EndGlobalSection
	GlobalSection(SolutionProperties) = preSolution
		HideSolutionNode = FALSE
	EndGlobalSection
EndGlobal
