
Microsoft Visual Studio Solution File, Format Version 10.00
# Visual Studio 2008
Project("{FAE04EC0-301F-11D3-BF4B-00C04F79EFBC}") = "NmsRtdClient", "NmsTopicSubscriber\NmsRtdClient.csproj", "{715FFF4E-6894-4F2D-99EC-E299114CC72A}"
EndProject
Project("{FAE04EC0-301F-11D3-BF4B-00C04F79EFBC}") = "NmsRtdClientTest", "NmsRtdClientTest\NmsRtdClientTest.csproj", "{EEF7A0AC-B295-458D-B6AC-48AF28DF6B17}"
	ProjectSection(ProjectDependencies) = postProject
		{715FFF4E-6894-4F2D-99EC-E299114CC72A} = {715FFF4E-6894-4F2D-99EC-E299114CC72A}
	EndProjectSection
EndProject
Global
	GlobalSection(SolutionConfigurationPlatforms) = preSolution
		Debug|Any CPU = Debug|Any CPU
		Release|Any CPU = Release|Any CPU
	EndGlobalSection
	GlobalSection(ProjectConfigurationPlatforms) = postSolution
		{715FFF4E-6894-4F2D-99EC-E299114CC72A}.Debug|Any CPU.ActiveCfg = Debug|Any CPU
		{715FFF4E-6894-4F2D-99EC-E299114CC72A}.Debug|Any CPU.Build.0 = Debug|Any CPU
		{715FFF4E-6894-4F2D-99EC-E299114CC72A}.Release|Any CPU.ActiveCfg = Release|Any CPU
		{715FFF4E-6894-4F2D-99EC-E299114CC72A}.Release|Any CPU.Build.0 = Release|Any CPU
		{EEF7A0AC-B295-458D-B6AC-48AF28DF6B17}.Debug|Any CPU.ActiveCfg = Debug|Any CPU
		{EEF7A0AC-B295-458D-B6AC-48AF28DF6B17}.Debug|Any CPU.Build.0 = Debug|Any CPU
		{EEF7A0AC-B295-458D-B6AC-48AF28DF6B17}.Release|Any CPU.ActiveCfg = Release|Any CPU
		{EEF7A0AC-B295-458D-B6AC-48AF28DF6B17}.Release|Any CPU.Build.0 = Release|Any CPU
	EndGlobalSection
	GlobalSection(SolutionProperties) = preSolution
		HideSolutionNode = FALSE
	EndGlobalSection
EndGlobal
